# This file is automatically @generated by Cargo.
# It is not intended for manual editing.
version = 3

[[package]]
name = "compiler_builtins"
version = "0.1.50"
source = "registry+https://github.com/rust-lang/crates.io-index"
checksum = "c4fd27448c11cdc03f9be9babc79e2aba19789a1db6fe0a1390d53f99f3f8fb1"
dependencies = [
 "rustc-std-workspace-core",
]

[[package]]
name = "enclave-runner"
version = "0.1.0"
dependencies = [
 "fortanix-vme-abi",
]

[[package]]
name = "fortanix-vme-abi"
version = "0.1.0"
dependencies = [
 "compiler_builtins",
 "rustc-std-workspace-alloc",
 "rustc-std-workspace-core",
]

[[package]]
name = "rustc-std-workspace-alloc"
version = "1.0.0"
source = "registry+https://github.com/rust-lang/crates.io-index"
checksum = "ff66d57013a5686e1917ed6a025d54dd591fcda71a41fe07edf4d16726aefa86"

[[package]]
name = "rustc-std-workspace-core"
version = "1.0.0"
source = "registry+https://github.com/rust-lang/crates.io-index"
checksum = "1956f5517128a2b6f23ab2dadf1a976f4f5b27962e7724c2bf3d45e539ec098c"
